
Microsoft Visual Studio Solution File, Format Version 12.00
# Visual Studio Version 16
VisualStudioVersion = 16.0.29230.47
MinimumVisualStudioVersion = 10.0.40219.1
Project("{8BC9CEB8-8B4A-11D0-8D11-00A0C91BC942}") = "enum-class", "C++11\enum-class\enum-class.vcxproj", "{224E909C-9028-4FE6-B441-839FB9608CFD}"
EndProject
Project("{8BC9CEB8-8B4A-11D0-8D11-00A0C91BC942}") = "weak_ptr", "stl\weak_ptr\weak_ptr.vcxproj", "{F932511B-4F9B-4A0E-A098-5CC918248203}"
EndProject
Project("{8BC9CEB8-8B4A-11D0-8D11-00A0C91BC942}") = "shared_ptr", "stl\shared_ptr\shared_ptr.vcxproj", "{40932D81-761B-4CDE-BB61-9FFCACD7D43F}"
EndProject
Project("{2150E333-8FDC-42A3-9474-1A3956D46DE8}") = "stl", "stl", "{574CDA66-8583-4656-89A4-879A258E7C26}"
EndProject
Project("{8BC9CEB8-8B4A-11D0-8D11-00A0C91BC942}") = "list", "stl\list\list.vcxproj", "{66C663D6-45B6-42EA-931D-853BF0212529}"
EndProject
Project("{2150E333-8FDC-42A3-9474-1A3956D46DE8}") = "windows-api", "windows-api", "{B9DC8596-D959-45E3-886B-6BA2F31AB911}"
EndProject
Project("{8BC9CEB8-8B4A-11D0-8D11-00A0C91BC942}") = "FindWindow", "windows-api\FindWindow\FindWindow.vcxproj", "{ED1CB28B-187A-48B7-9E10-B66E1D84ACC2}"
EndProject
Project("{8BC9CEB8-8B4A-11D0-8D11-00A0C91BC942}") = "typeid", "typeid\typeid.vcxproj", "{3F9A673F-EA55-4F73-887B-F4BA94EAD601}"
EndProject
Project("{2150E333-8FDC-42A3-9474-1A3956D46DE8}") = "NamedPipe", "NamedPipe", "{F759DBC4-B890-44E9-9981-1E5EF67C5CB3}"
EndProject
Project("{8BC9CEB8-8B4A-11D0-8D11-00A0C91BC942}") = "NamedPipeServer", "windows-api\NamedPipe\NamedPipeServer\NamedPipeServer.vcxproj", "{E39518FF-6475-4620-99E1-423AC7D76F73}"
EndProject
Project("{8BC9CEB8-8B4A-11D0-8D11-00A0C91BC942}") = "NamedPipeClient", "windows-api\NamedPipe\NamedPipeClient\NamedPipeClient.vcxproj", "{AD0402AE-ED25-4ADC-AF1E-DB2B4C788ECA}"
EndProject
Project("{2150E333-8FDC-42A3-9474-1A3956D46DE8}") = "C++11", "C++11", "{B8EC5140-B2FA-41E5-9047-BE5A6F0F7BE5}"
EndProject
Project("{8BC9CEB8-8B4A-11D0-8D11-00A0C91BC942}") = "string", "stl\string\string.vcxproj", "{52FB7D97-EE20-4D4E-B179-2D8A3FD082A1}"
EndProject
Project("{2150E333-8FDC-42A3-9474-1A3956D46DE8}") = "opensource", "opensource", "{72E36D73-F0FE-4151-B773-7E6F52A27930}"
EndProject
Project("{8BC9CEB8-8B4A-11D0-8D11-00A0C91BC942}") = "jsoncpp_test", "opensource\jsoncpp_test\jsoncpp_test.vcxproj", "{415B140C-879F-4288-89DB-E69588436A40}"
EndProject
Project("{8BC9CEB8-8B4A-11D0-8D11-00A0C91BC942}") = "google-flatbuffer", "opensource\google-flatbuffer\google-flatbuffer.vcxproj", "{3F1180DA-CADE-4464-98FA-16D45061979D}"
EndProject
Project("{8BC9CEB8-8B4A-11D0-8D11-00A0C91BC942}") = "StackWalk", "windows-api\StackWalk\StackWalk.vcxproj", "{E30D8888-2B83-4509-9FD7-7BE58B048EF5}"
EndProject
Project("{8BC9CEB8-8B4A-11D0-8D11-00A0C91BC942}") = "RegQueryValue", "windows-api\RegQueryValue\RegQueryValue.vcxproj", "{09CE2B15-052A-40EF-8692-F99A95888471}"
EndProject
Project("{8BC9CEB8-8B4A-11D0-8D11-00A0C91BC942}") = "RegSetValue", "windows-api\RegSetValue\RegSetValue.vcxproj", "{F90DD3E2-B2DC-49EF-ADC9-595899982DCB}"
EndProject
Project("{2150E333-8FDC-42A3-9474-1A3956D46DE8}") = "WinSock2", "WinSock2", "{7AFC44BF-C523-4120-951A-46C2257B07E5}"
EndProject
Project("{8BC9CEB8-8B4A-11D0-8D11-00A0C91BC942}") = "IPToDWORD", "windows-api\IPToDWORD\IPToDWORD.vcxproj", "{74732C80-F604-4C72-8B5D-EE5CD234847A}"
EndProject
Project("{8BC9CEB8-8B4A-11D0-8D11-00A0C91BC942}") = "constructor", "constructor\constructor.vcxproj", "{EE4C433F-8417-4B20-989E-FA81F4B082BA}"
EndProject
Project("{8BC9CEB8-8B4A-11D0-8D11-00A0C91BC942}") = "mutex", "stl\mutex\mutex.vcxproj", "{55691524-73A0-460E-BD81-D4FEB6700E70}"
EndProject
Project("{8BC9CEB8-8B4A-11D0-8D11-00A0C91BC942}") = "RawInputDevice", "windows-api\RawInputDevice\RawInputDevice.vcxproj", "{A91D0D1E-B354-4803-9749-A825EDC755E3}"
EndProject
Project("{8BC9CEB8-8B4A-11D0-8D11-00A0C91BC942}") = "forward-declaration", "forward-declaration\forward-declaration.vcxproj", "{D2D0CD29-471A-4082-87C4-58A4C5D206E8}"
EndProject
Project("{8BC9CEB8-8B4A-11D0-8D11-00A0C91BC942}") = "vector", "stl\vector\vector.vcxproj", "{696A531D-18C4-4D1E-8FDB-983B868166FD}"
EndProject
Project("{2150E333-8FDC-42A3-9474-1A3956D46DE8}") = "Registry", "Registry", "{B5109CDD-152C-4DFA-8088-E498EEDC786A}"
EndProject
Global
	GlobalSection(SolutionConfigurationPlatforms) = preSolution
		Debug|x64 = Debug|x64
		Debug|x86 = Debug|x86
		Release|x64 = Release|x64
		Release|x86 = Release|x86
	EndGlobalSection
	GlobalSection(ProjectConfigurationPlatforms) = postSolution
		{224E909C-9028-4FE6-B441-839FB9608CFD}.Debug|x64.ActiveCfg = Debug|x64
		{224E909C-9028-4FE6-B441-839FB9608CFD}.Debug|x64.Build.0 = Debug|x64
		{224E909C-9028-4FE6-B441-839FB9608CFD}.Debug|x86.ActiveCfg = Debug|Win32
		{224E909C-9028-4FE6-B441-839FB9608CFD}.Debug|x86.Build.0 = Debug|Win32
		{224E909C-9028-4FE6-B441-839FB9608CFD}.Release|x64.ActiveCfg = Release|x64
		{224E909C-9028-4FE6-B441-839FB9608CFD}.Release|x64.Build.0 = Release|x64
		{224E909C-9028-4FE6-B441-839FB9608CFD}.Release|x86.ActiveCfg = Release|Win32
		{224E909C-9028-4FE6-B441-839FB9608CFD}.Release|x86.Build.0 = Release|Win32
		{F932511B-4F9B-4A0E-A098-5CC918248203}.Debug|x64.ActiveCfg = Debug|x64
		{F932511B-4F9B-4A0E-A098-5CC918248203}.Debug|x64.Build.0 = Debug|x64
		{F932511B-4F9B-4A0E-A098-5CC918248203}.Debug|x86.ActiveCfg = Debug|Win32
		{F932511B-4F9B-4A0E-A098-5CC918248203}.Debug|x86.Build.0 = Debug|Win32
		{F932511B-4F9B-4A0E-A098-5CC918248203}.Release|x64.ActiveCfg = Release|x64
		{F932511B-4F9B-4A0E-A098-5CC918248203}.Release|x64.Build.0 = Release|x64
		{F932511B-4F9B-4A0E-A098-5CC918248203}.Release|x86.ActiveCfg = Release|Win32
		{F932511B-4F9B-4A0E-A098-5CC918248203}.Release|x86.Build.0 = Release|Win32
		{40932D81-761B-4CDE-BB61-9FFCACD7D43F}.Debug|x64.ActiveCfg = Debug|x64
		{40932D81-761B-4CDE-BB61-9FFCACD7D43F}.Debug|x64.Build.0 = Debug|x64
		{40932D81-761B-4CDE-BB61-9FFCACD7D43F}.Debug|x86.ActiveCfg = Debug|Win32
		{40932D81-761B-4CDE-BB61-9FFCACD7D43F}.Debug|x86.Build.0 = Debug|Win32
		{40932D81-761B-4CDE-BB61-9FFCACD7D43F}.Release|x64.ActiveCfg = Release|x64
		{40932D81-761B-4CDE-BB61-9FFCACD7D43F}.Release|x64.Build.0 = Release|x64
		{40932D81-761B-4CDE-BB61-9FFCACD7D43F}.Release|x86.ActiveCfg = Release|Win32
		{40932D81-761B-4CDE-BB61-9FFCACD7D43F}.Release|x86.Build.0 = Release|Win32
		{66C663D6-45B6-42EA-931D-853BF0212529}.Debug|x64.ActiveCfg = Debug|x64
		{66C663D6-45B6-42EA-931D-853BF0212529}.Debug|x64.Build.0 = Debug|x64
		{66C663D6-45B6-42EA-931D-853BF0212529}.Debug|x86.ActiveCfg = Debug|Win32
		{66C663D6-45B6-42EA-931D-853BF0212529}.Debug|x86.Build.0 = Debug|Win32
		{66C663D6-45B6-42EA-931D-853BF0212529}.Release|x64.ActiveCfg = Release|x64
		{66C663D6-45B6-42EA-931D-853BF0212529}.Release|x64.Build.0 = Release|x64
		{66C663D6-45B6-42EA-931D-853BF0212529}.Release|x86.ActiveCfg = Release|Win32
		{66C663D6-45B6-42EA-931D-853BF0212529}.Release|x86.Build.0 = Release|Win32
		{ED1CB28B-187A-48B7-9E10-B66E1D84ACC2}.Debug|x64.ActiveCfg = Debug|x64
		{ED1CB28B-187A-48B7-9E10-B66E1D84ACC2}.Debug|x64.Build.0 = Debug|x64
		{ED1CB28B-187A-48B7-9E10-B66E1D84ACC2}.Debug|x86.ActiveCfg = Debug|Win32
		{ED1CB28B-187A-48B7-9E10-B66E1D84ACC2}.Debug|x86.Build.0 = Debug|Win32
		{ED1CB28B-187A-48B7-9E10-B66E1D84ACC2}.Release|x64.ActiveCfg = Release|x64
		{ED1CB28B-187A-48B7-9E10-B66E1D84ACC2}.Release|x64.Build.0 = Release|x64
		{ED1CB28B-187A-48B7-9E10-B66E1D84ACC2}.Release|x86.ActiveCfg = Release|Win32
		{ED1CB28B-187A-48B7-9E10-B66E1D84ACC2}.Release|x86.Build.0 = Release|Win32
		{3F9A673F-EA55-4F73-887B-F4BA94EAD601}.Debug|x64.ActiveCfg = Debug|x64
		{3F9A673F-EA55-4F73-887B-F4BA94EAD601}.Debug|x64.Build.0 = Debug|x64
		{3F9A673F-EA55-4F73-887B-F4BA94EAD601}.Debug|x86.ActiveCfg = Debug|Win32
		{3F9A673F-EA55-4F73-887B-F4BA94EAD601}.Debug|x86.Build.0 = Debug|Win32
		{3F9A673F-EA55-4F73-887B-F4BA94EAD601}.Release|x64.ActiveCfg = Release|x64
		{3F9A673F-EA55-4F73-887B-F4BA94EAD601}.Release|x64.Build.0 = Release|x64
		{3F9A673F-EA55-4F73-887B-F4BA94EAD601}.Release|x86.ActiveCfg = Release|Win32
		{3F9A673F-EA55-4F73-887B-F4BA94EAD601}.Release|x86.Build.0 = Release|Win32
		{E39518FF-6475-4620-99E1-423AC7D76F73}.Debug|x64.ActiveCfg = Debug|x64
		{E39518FF-6475-4620-99E1-423AC7D76F73}.Debug|x64.Build.0 = Debug|x64
		{E39518FF-6475-4620-99E1-423AC7D76F73}.Debug|x86.ActiveCfg = Debug|Win32
		{E39518FF-6475-4620-99E1-423AC7D76F73}.Debug|x86.Build.0 = Debug|Win32
		{E39518FF-6475-4620-99E1-423AC7D76F73}.Release|x64.ActiveCfg = Release|x64
		{E39518FF-6475-4620-99E1-423AC7D76F73}.Release|x64.Build.0 = Release|x64
		{E39518FF-6475-4620-99E1-423AC7D76F73}.Release|x86.ActiveCfg = Release|Win32
		{E39518FF-6475-4620-99E1-423AC7D76F73}.Release|x86.Build.0 = Release|Win32
		{AD0402AE-ED25-4ADC-AF1E-DB2B4C788ECA}.Debug|x64.ActiveCfg = Debug|x64
		{AD0402AE-ED25-4ADC-AF1E-DB2B4C788ECA}.Debug|x64.Build.0 = Debug|x64
		{AD0402AE-ED25-4ADC-AF1E-DB2B4C788ECA}.Debug|x86.ActiveCfg = Debug|Win32
		{AD0402AE-ED25-4ADC-AF1E-DB2B4C788ECA}.Debug|x86.Build.0 = Debug|Win32
		{AD0402AE-ED25-4ADC-AF1E-DB2B4C788ECA}.Release|x64.ActiveCfg = Release|x64
		{AD0402AE-ED25-4ADC-AF1E-DB2B4C788ECA}.Release|x64.Build.0 = Release|x64
		{AD0402AE-ED25-4ADC-AF1E-DB2B4C788ECA}.Release|x86.ActiveCfg = Release|Win32
		{AD0402AE-ED25-4ADC-AF1E-DB2B4C788ECA}.Release|x86.Build.0 = Release|Win32
		{52FB7D97-EE20-4D4E-B179-2D8A3FD082A1}.Debug|x64.ActiveCfg = Debug|x64
		{52FB7D97-EE20-4D4E-B179-2D8A3FD082A1}.Debug|x64.Build.0 = Debug|x64
		{52FB7D97-EE20-4D4E-B179-2D8A3FD082A1}.Debug|x86.ActiveCfg = Debug|Win32
		{52FB7D97-EE20-4D4E-B179-2D8A3FD082A1}.Debug|x86.Build.0 = Debug|Win32
		{52FB7D97-EE20-4D4E-B179-2D8A3FD082A1}.Release|x64.ActiveCfg = Release|x64
		{52FB7D97-EE20-4D4E-B179-2D8A3FD082A1}.Release|x64.Build.0 = Release|x64
		{52FB7D97-EE20-4D4E-B179-2D8A3FD082A1}.Release|x86.ActiveCfg = Release|Win32
		{52FB7D97-EE20-4D4E-B179-2D8A3FD082A1}.Release|x86.Build.0 = Release|Win32
		{415B140C-879F-4288-89DB-E69588436A40}.Debug|x64.ActiveCfg = Debug|x64
		{415B140C-879F-4288-89DB-E69588436A40}.Debug|x64.Build.0 = Debug|x64
		{415B140C-879F-4288-89DB-E69588436A40}.Debug|x86.ActiveCfg = Debug|Win32
		{415B140C-879F-4288-89DB-E69588436A40}.Debug|x86.Build.0 = Debug|Win32
		{415B140C-879F-4288-89DB-E69588436A40}.Release|x64.ActiveCfg = Release|x64
		{415B140C-879F-4288-89DB-E69588436A40}.Release|x64.Build.0 = Release|x64
		{415B140C-879F-4288-89DB-E69588436A40}.Release|x86.ActiveCfg = Release|Win32
		{415B140C-879F-4288-89DB-E69588436A40}.Release|x86.Build.0 = Release|Win32
		{3F1180DA-CADE-4464-98FA-16D45061979D}.Debug|x64.ActiveCfg = Debug|x64
		{3F1180DA-CADE-4464-98FA-16D45061979D}.Debug|x64.Build.0 = Debug|x64
		{3F1180DA-CADE-4464-98FA-16D45061979D}.Debug|x86.ActiveCfg = Debug|Win32
		{3F1180DA-CADE-4464-98FA-16D45061979D}.Debug|x86.Build.0 = Debug|Win32
		{3F1180DA-CADE-4464-98FA-16D45061979D}.Release|x64.ActiveCfg = Release|x64
		{3F1180DA-CADE-4464-98FA-16D45061979D}.Release|x64.Build.0 = Release|x64
		{3F1180DA-CADE-4464-98FA-16D45061979D}.Release|x86.ActiveCfg = Release|Win32
		{3F1180DA-CADE-4464-98FA-16D45061979D}.Release|x86.Build.0 = Release|Win32
		{E30D8888-2B83-4509-9FD7-7BE58B048EF5}.Debug|x64.ActiveCfg = Debug|x64
		{E30D8888-2B83-4509-9FD7-7BE58B048EF5}.Debug|x64.Build.0 = Debug|x64
		{E30D8888-2B83-4509-9FD7-7BE58B048EF5}.Debug|x86.ActiveCfg = Debug|Win32
		{E30D8888-2B83-4509-9FD7-7BE58B048EF5}.Debug|x86.Build.0 = Debug|Win32
		{E30D8888-2B83-4509-9FD7-7BE58B048EF5}.Release|x64.ActiveCfg = Release|x64
		{E30D8888-2B83-4509-9FD7-7BE58B048EF5}.Release|x64.Build.0 = Release|x64
		{E30D8888-2B83-4509-9FD7-7BE58B048EF5}.Release|x86.ActiveCfg = Release|Win32
		{E30D8888-2B83-4509-9FD7-7BE58B048EF5}.Release|x86.Build.0 = Release|Win32
		{09CE2B15-052A-40EF-8692-F99A95888471}.Debug|x64.ActiveCfg = Debug|x64
		{09CE2B15-052A-40EF-8692-F99A95888471}.Debug|x64.Build.0 = Debug|x64
		{09CE2B15-052A-40EF-8692-F99A95888471}.Debug|x86.ActiveCfg = Debug|Win32
		{09CE2B15-052A-40EF-8692-F99A95888471}.Debug|x86.Build.0 = Debug|Win32
		{09CE2B15-052A-40EF-8692-F99A95888471}.Release|x64.ActiveCfg = Release|x64
		{09CE2B15-052A-40EF-8692-F99A95888471}.Release|x64.Build.0 = Release|x64
		{09CE2B15-052A-40EF-8692-F99A95888471}.Release|x86.ActiveCfg = Release|Win32
		{09CE2B15-052A-40EF-8692-F99A95888471}.Release|x86.Build.0 = Release|Win32
		{F90DD3E2-B2DC-49EF-ADC9-595899982DCB}.Debug|x64.ActiveCfg = Debug|x64
		{F90DD3E2-B2DC-49EF-ADC9-595899982DCB}.Debug|x64.Build.0 = Debug|x64
		{F90DD3E2-B2DC-49EF-ADC9-595899982DCB}.Debug|x86.ActiveCfg = Debug|Win32
		{F90DD3E2-B2DC-49EF-ADC9-595899982DCB}.Debug|x86.Build.0 = Debug|Win32
		{F90DD3E2-B2DC-49EF-ADC9-595899982DCB}.Release|x64.ActiveCfg = Release|x64
		{F90DD3E2-B2DC-49EF-ADC9-595899982DCB}.Release|x64.Build.0 = Release|x64
		{F90DD3E2-B2DC-49EF-ADC9-595899982DCB}.Release|x86.ActiveCfg = Release|Win32
		{F90DD3E2-B2DC-49EF-ADC9-595899982DCB}.Release|x86.Build.0 = Release|Win32
		{74732C80-F604-4C72-8B5D-EE5CD234847A}.Debug|x64.ActiveCfg = Debug|x64
		{74732C80-F604-4C72-8B5D-EE5CD234847A}.Debug|x64.Build.0 = Debug|x64
		{74732C80-F604-4C72-8B5D-EE5CD234847A}.Debug|x86.ActiveCfg = Debug|Win32
		{74732C80-F604-4C72-8B5D-EE5CD234847A}.Debug|x86.Build.0 = Debug|Win32
		{74732C80-F604-4C72-8B5D-EE5CD234847A}.Release|x64.ActiveCfg = Release|x64
		{74732C80-F604-4C72-8B5D-EE5CD234847A}.Release|x64.Build.0 = Release|x64
		{74732C80-F604-4C72-8B5D-EE5CD234847A}.Release|x86.ActiveCfg = Release|Win32
		{74732C80-F604-4C72-8B5D-EE5CD234847A}.Release|x86.Build.0 = Release|Win32
		{EE4C433F-8417-4B20-989E-FA81F4B082BA}.Debug|x64.ActiveCfg = Debug|x64
		{EE4C433F-8417-4B20-989E-FA81F4B082BA}.Debug|x64.Build.0 = Debug|x64
		{EE4C433F-8417-4B20-989E-FA81F4B082BA}.Debug|x86.ActiveCfg = Debug|Win32
		{EE4C433F-8417-4B20-989E-FA81F4B082BA}.Debug|x86.Build.0 = Debug|Win32
		{EE4C433F-8417-4B20-989E-FA81F4B082BA}.Release|x64.ActiveCfg = Release|x64
		{EE4C433F-8417-4B20-989E-FA81F4B082BA}.Release|x64.Build.0 = Release|x64
		{EE4C433F-8417-4B20-989E-FA81F4B082BA}.Release|x86.ActiveCfg = Release|Win32
		{EE4C433F-8417-4B20-989E-FA81F4B082BA}.Release|x86.Build.0 = Release|Win32
		{55691524-73A0-460E-BD81-D4FEB6700E70}.Debug|x64.ActiveCfg = Debug|x64
		{55691524-73A0-460E-BD81-D4FEB6700E70}.Debug|x64.Build.0 = Debug|x64
		{55691524-73A0-460E-BD81-D4FEB6700E70}.Debug|x86.ActiveCfg = Debug|Win32
		{55691524-73A0-460E-BD81-D4FEB6700E70}.Debug|x86.Build.0 = Debug|Win32
		{55691524-73A0-460E-BD81-D4FEB6700E70}.Release|x64.ActiveCfg = Release|x64
		{55691524-73A0-460E-BD81-D4FEB6700E70}.Release|x64.Build.0 = Release|x64
		{55691524-73A0-460E-BD81-D4FEB6700E70}.Release|x86.ActiveCfg = Release|Win32
		{55691524-73A0-460E-BD81-D4FEB6700E70}.Release|x86.Build.0 = Release|Win32
		{A91D0D1E-B354-4803-9749-A825EDC755E3}.Debug|x64.ActiveCfg = Debug|x64
		{A91D0D1E-B354-4803-9749-A825EDC755E3}.Debug|x64.Build.0 = Debug|x64
		{A91D0D1E-B354-4803-9749-A825EDC755E3}.Debug|x86.ActiveCfg = Debug|Win32
		{A91D0D1E-B354-4803-9749-A825EDC755E3}.Debug|x86.Build.0 = Debug|Win32
		{A91D0D1E-B354-4803-9749-A825EDC755E3}.Release|x64.ActiveCfg = Release|x64
		{A91D0D1E-B354-4803-9749-A825EDC755E3}.Release|x64.Build.0 = Release|x64
		{A91D0D1E-B354-4803-9749-A825EDC755E3}.Release|x86.ActiveCfg = Release|Win32
		{A91D0D1E-B354-4803-9749-A825EDC755E3}.Release|x86.Build.0 = Release|Win32
		{D2D0CD29-471A-4082-87C4-58A4C5D206E8}.Debug|x64.ActiveCfg = Debug|x64
		{D2D0CD29-471A-4082-87C4-58A4C5D206E8}.Debug|x64.Build.0 = Debug|x64
		{D2D0CD29-471A-4082-87C4-58A4C5D206E8}.Debug|x86.ActiveCfg = Debug|Win32
		{D2D0CD29-471A-4082-87C4-58A4C5D206E8}.Debug|x86.Build.0 = Debug|Win32
		{D2D0CD29-471A-4082-87C4-58A4C5D206E8}.Release|x64.ActiveCfg = Release|x64
		{D2D0CD29-471A-4082-87C4-58A4C5D206E8}.Release|x64.Build.0 = Release|x64
		{D2D0CD29-471A-4082-87C4-58A4C5D206E8}.Release|x86.ActiveCfg = Release|Win32
		{D2D0CD29-471A-4082-87C4-58A4C5D206E8}.Release|x86.Build.0 = Release|Win32
		{696A531D-18C4-4D1E-8FDB-983B868166FD}.Debug|x64.ActiveCfg = Debug|x64
		{696A531D-18C4-4D1E-8FDB-983B868166FD}.Debug|x64.Build.0 = Debug|x64
		{696A531D-18C4-4D1E-8FDB-983B868166FD}.Debug|x86.ActiveCfg = Debug|Win32
		{696A531D-18C4-4D1E-8FDB-983B868166FD}.Debug|x86.Build.0 = Debug|Win32
		{696A531D-18C4-4D1E-8FDB-983B868166FD}.Release|x64.ActiveCfg = Release|x64
		{696A531D-18C4-4D1E-8FDB-983B868166FD}.Release|x64.Build.0 = Release|x64
		{696A531D-18C4-4D1E-8FDB-983B868166FD}.Release|x86.ActiveCfg = Release|Win32
		{696A531D-18C4-4D1E-8FDB-983B868166FD}.Release|x86.Build.0 = Release|Win32
	EndGlobalSection
	GlobalSection(SolutionProperties) = preSolution
		HideSolutionNode = FALSE
	EndGlobalSection
	GlobalSection(NestedProjects) = preSolution
		{224E909C-9028-4FE6-B441-839FB9608CFD} = {B8EC5140-B2FA-41E5-9047-BE5A6F0F7BE5}
		{F932511B-4F9B-4A0E-A098-5CC918248203} = {574CDA66-8583-4656-89A4-879A258E7C26}
		{40932D81-761B-4CDE-BB61-9FFCACD7D43F} = {574CDA66-8583-4656-89A4-879A258E7C26}
		{66C663D6-45B6-42EA-931D-853BF0212529} = {574CDA66-8583-4656-89A4-879A258E7C26}
		{ED1CB28B-187A-48B7-9E10-B66E1D84ACC2} = {B9DC8596-D959-45E3-886B-6BA2F31AB911}
		{F759DBC4-B890-44E9-9981-1E5EF67C5CB3} = {B9DC8596-D959-45E3-886B-6BA2F31AB911}
		{E39518FF-6475-4620-99E1-423AC7D76F73} = {F759DBC4-B890-44E9-9981-1E5EF67C5CB3}
		{AD0402AE-ED25-4ADC-AF1E-DB2B4C788ECA} = {F759DBC4-B890-44E9-9981-1E5EF67C5CB3}
		{52FB7D97-EE20-4D4E-B179-2D8A3FD082A1} = {574CDA66-8583-4656-89A4-879A258E7C26}
		{415B140C-879F-4288-89DB-E69588436A40} = {72E36D73-F0FE-4151-B773-7E6F52A27930}
		{3F1180DA-CADE-4464-98FA-16D45061979D} = {72E36D73-F0FE-4151-B773-7E6F52A27930}
		{E30D8888-2B83-4509-9FD7-7BE58B048EF5} = {B9DC8596-D959-45E3-886B-6BA2F31AB911}
		{09CE2B15-052A-40EF-8692-F99A95888471} = {B5109CDD-152C-4DFA-8088-E498EEDC786A}
		{F90DD3E2-B2DC-49EF-ADC9-595899982DCB} = {B5109CDD-152C-4DFA-8088-E498EEDC786A}
		{7AFC44BF-C523-4120-951A-46C2257B07E5} = {B9DC8596-D959-45E3-886B-6BA2F31AB911}
		{74732C80-F604-4C72-8B5D-EE5CD234847A} = {7AFC44BF-C523-4120-951A-46C2257B07E5}
		{55691524-73A0-460E-BD81-D4FEB6700E70} = {574CDA66-8583-4656-89A4-879A258E7C26}
		{A91D0D1E-B354-4803-9749-A825EDC755E3} = {B9DC8596-D959-45E3-886B-6BA2F31AB911}
		{696A531D-18C4-4D1E-8FDB-983B868166FD} = {574CDA66-8583-4656-89A4-879A258E7C26}
		{B5109CDD-152C-4DFA-8088-E498EEDC786A} = {B9DC8596-D959-45E3-886B-6BA2F31AB911}
	EndGlobalSection
	GlobalSection(ExtensibilityGlobals) = postSolution
		SolutionGuid = {723B1B1A-FCFA-43D2-89E2-D4DBC40860AA}
	EndGlobalSection
EndGlobal
