
Microsoft Visual Studio Solution File, Format Version 12.00
# Visual Studio Version 16
VisualStudioVersion = 16.0.29230.47
MinimumVisualStudioVersion = 10.0.40219.1
Project("{8BC9CEB8-8B4A-11D0-8D11-00A0C91BC942}") = "enum-class", "C++11\enum-class\enum-class.vcxproj", "{224E909C-9028-4FE6-B441-839FB9608CFD}"
EndProject
Project("{8BC9CEB8-8B4A-11D0-8D11-00A0C91BC942}") = "weak_ptr", "stl\weak_ptr\weak_ptr.vcxproj", "{F932511B-4F9B-4A0E-A098-5CC918248203}"
EndProject
Project("{8BC9CEB8-8B4A-11D0-8D11-00A0C91BC942}") = "shared_ptr", "stl\shared_ptr\shared_ptr.vcxproj", "{40932D81-761B-4CDE-BB61-9FFCACD7D43F}"
EndProject
Project("{2150E333-8FDC-42A3-9474-1A3956D46DE8}") = "stl", "stl", "{574CDA66-8583-4656-89A4-879A258E7C26}"
EndProject
Project("{8BC9CEB8-8B4A-11D0-8D11-00A0C91BC942}") = "list", "stl\list\list.vcxproj", "{66C663D6-45B6-42EA-931D-853BF0212529}"
EndProject
Project("{2150E333-8FDC-42A3-9474-1A3956D46DE8}") = "windows-api", "windows-api", "{B9DC8596-D959-45E3-886B-6BA2F31AB911}"
EndProject
Project("{8BC9CEB8-8B4A-11D0-8D11-00A0C91BC942}") = "FindWindow", "windows-api\FindWindow\FindWindow.vcxproj", "{ED1CB28B-187A-48B7-9E10-B66E1D84ACC2}"
EndProject
Project("{8BC9CEB8-8B4A-11D0-8D11-00A0C91BC942}") = "typeid", "typeid\typeid.vcxproj", "{3F9A673F-EA55-4F73-887B-F4BA94EAD601}"
EndProject
Project("{2150E333-8FDC-42A3-9474-1A3956D46DE8}") = "NamedPipe", "NamedPipe", "{F759DBC4-B890-44E9-9981-1E5EF67C5CB3}"
EndProject
Project("{8BC9CEB8-8B4A-11D0-8D11-00A0C91BC942}") = "NamedPipeServer", "windows-api\NamedPipe\NamedPipeServer\NamedPipeServer.vcxproj", "{E39518FF-6475-4620-99E1-423AC7D76F73}"
EndProject
Project("{8BC9CEB8-8B4A-11D0-8D11-00A0C91BC942}") = "NamedPipeClient", "windows-api\NamedPipe\NamedPipeClient\NamedPipeClient.vcxproj", "{AD0402AE-ED25-4ADC-AF1E-DB2B4C788ECA}"
EndProject
Project("{2150E333-8FDC-42A3-9474-1A3956D46DE8}") = "C++11", "C++11", "{B8EC5140-B2FA-41E5-9047-BE5A6F0F7BE5}"
EndProject
Project("{8BC9CEB8-8B4A-11D0-8D11-00A0C91BC942}") = "string", "stl\string\string.vcxproj", "{52FB7D97-EE20-4D4E-B179-2D8A3FD082A1}"
EndProject
Project("{2150E333-8FDC-42A3-9474-1A3956D46DE8}") = "opensource", "opensource", "{72E36D73-F0FE-4151-B773-7E6F52A27930}"
EndProject
Project("{8BC9CEB8-8B4A-11D0-8D11-00A0C91BC942}") = "jsoncpp_test", "opensource\jsoncpp_test\jsoncpp_test.vcxproj", "{415B140C-879F-4288-89DB-E69588436A40}"
EndProject
Project("{8BC9CEB8-8B4A-11D0-8D11-00A0C91BC942}") = "google-flatbuffer", "opensource\google-flatbuffer\google-flatbuffer.vcxproj", "{3F1180DA-CADE-4464-98FA-16D45061979D}"
EndProject
Project("{8BC9CEB8-8B4A-11D0-8D11-00A0C91BC942}") = "StackWalk", "windows-api\StackWalk\StackWalk.vcxproj", "{E30D8888-2B83-4509-9FD7-7BE58B048EF5}"
EndProject
Global
	GlobalSection(SolutionConfigurationPlatforms) = preSolution
		Debug|x64 = Debug|x64
		Debug|x86 = Debug|x86
		Release|x64 = Release|x64
		Release|x86 = Release|x86
	EndGlobalSection
	GlobalSection(ProjectConfigurationPlatforms) = postSolution
		{224E909C-9028-4FE6-B441-839FB9608CFD}.Debug|x64.ActiveCfg = Debug|x64
		{224E909C-9028-4FE6-B441-839FB9608CFD}.Debug|x64.Build.0 = Debug|x64
		{224E909C-9028-4FE6-B441-839FB9608CFD}.Debug|x86.ActiveCfg = Debug|Win32
		{224E909C-9028-4FE6-B441-839FB9608CFD}.Debug|x86.Build.0 = Debug|Win32
		{224E909C-9028-4FE6-B441-839FB9608CFD}.Release|x64.ActiveCfg = Release|x64
		{224E909C-9028-4FE6-B441-839FB9608CFD}.Release|x64.Build.0 = Release|x64
		{224E909C-9028-4FE6-B441-839FB9608CFD}.Release|x86.ActiveCfg = Release|Win32
		{224E909C-9028-4FE6-B441-839FB9608CFD}.Release|x86.Build.0 = Release|Win32
		{F932511B-4F9B-4A0E-A098-5CC918248203}.Debug|x64.ActiveCfg = Debug|x64
		{F932511B-4F9B-4A0E-A098-5CC918248203}.Debug|x64.Build.0 = Debug|x64
		{F932511B-4F9B-4A0E-A098-5CC918248203}.Debug|x86.ActiveCfg = Debug|Win32
		{F932511B-4F9B-4A0E-A098-5CC918248203}.Debug|x86.Build.0 = Debug|Win32
		{F932511B-4F9B-4A0E-A098-5CC918248203}.Release|x64.ActiveCfg = Release|x64
		{F932511B-4F9B-4A0E-A098-5CC918248203}.Release|x64.Build.0 = Release|x64
		{F932511B-4F9B-4A0E-A098-5CC918248203}.Release|x86.ActiveCfg = Release|Win32
		{F932511B-4F9B-4A0E-A098-5CC918248203}.Release|x86.Build.0 = Release|Win32
		{40932D81-761B-4CDE-BB61-9FFCACD7D43F}.Debug|x64.ActiveCfg = Debug|x64
		{40932D81-761B-4CDE-BB61-9FFCACD7D43F}.Debug|x64.Build.0 = Debug|x64
		{40932D81-761B-4CDE-BB61-9FFCACD7D43F}.Debug|x86.ActiveCfg = Debug|Win32
		{40932D81-761B-4CDE-BB61-9FFCACD7D43F}.Debug|x86.Build.0 = Debug|Win32
		{40932D81-761B-4CDE-BB61-9FFCACD7D43F}.Release|x64.ActiveCfg = Release|x64
		{40932D81-761B-4CDE-BB61-9FFCACD7D43F}.Release|x64.Build.0 = Release|x64
		{40932D81-761B-4CDE-BB61-9FFCACD7D43F}.Release|x86.ActiveCfg = Release|Win32
		{40932D81-761B-4CDE-BB61-9FFCACD7D43F}.Release|x86.Build.0 = Release|Win32
		{66C663D6-45B6-42EA-931D-853BF0212529}.Debug|x64.ActiveCfg = Debug|x64
		{66C663D6-45B6-42EA-931D-853BF0212529}.Debug|x64.Build.0 = Debug|x64
		{66C663D6-45B6-42EA-931D-853BF0212529}.Debug|x86.ActiveCfg = Debug|Win32
		{66C663D6-45B6-42EA-931D-853BF0212529}.Debug|x86.Build.0 = Debug|Win32
		{66C663D6-45B6-42EA-931D-853BF0212529}.Release|x64.ActiveCfg = Release|x64
		{66C663D6-45B6-42EA-931D-853BF0212529}.Release|x64.Build.0 = Release|x64
		{66C663D6-45B6-42EA-931D-853BF0212529}.Release|x86.ActiveCfg = Release|Win32
		{66C663D6-45B6-42EA-931D-853BF0212529}.Release|x86.Build.0 = Release|Win32
		{ED1CB28B-187A-48B7-9E10-B66E1D84ACC2}.Debug|x64.ActiveCfg = Debug|x64
		{ED1CB28B-187A-48B7-9E10-B66E1D84ACC2}.Debug|x64.Build.0 = Debug|x64
		{ED1CB28B-187A-48B7-9E10-B66E1D84ACC2}.Debug|x86.ActiveCfg = Debug|Win32
		{ED1CB28B-187A-48B7-9E10-B66E1D84ACC2}.Debug|x86.Build.0 = Debug|Win32
		{ED1CB28B-187A-48B7-9E10-B66E1D84ACC2}.Release|x64.ActiveCfg = Release|x64
		{ED1CB28B-187A-48B7-9E10-B66E1D84ACC2}.Release|x64.Build.0 = Release|x64
		{ED1CB28B-187A-48B7-9E10-B66E1D84ACC2}.Release|x86.ActiveCfg = Release|Win32
		{ED1CB28B-187A-48B7-9E10-B66E1D84ACC2}.Release|x86.Build.0 = Release|Win32
		{3F9A673F-EA55-4F73-887B-F4BA94EAD601}.Debug|x64.ActiveCfg = Debug|x64
		{3F9A673F-EA55-4F73-887B-F4BA94EAD601}.Debug|x64.Build.0 = Debug|x64
		{3F9A673F-EA55-4F73-887B-F4BA94EAD601}.Debug|x86.ActiveCfg = Debug|Win32
		{3F9A673F-EA55-4F73-887B-F4BA94EAD601}.Debug|x86.Build.0 = Debug|Win32
		{3F9A673F-EA55-4F73-887B-F4BA94EAD601}.Release|x64.ActiveCfg = Release|x64
		{3F9A673F-EA55-4F73-887B-F4BA94EAD601}.Release|x64.Build.0 = Release|x64
		{3F9A673F-EA55-4F73-887B-F4BA94EAD601}.Release|x86.ActiveCfg = Release|Win32
		{3F9A673F-EA55-4F73-887B-F4BA94EAD601}.Release|x86.Build.0 = Release|Win32
		{E39518FF-6475-4620-99E1-423AC7D76F73}.Debug|x64.ActiveCfg = Debug|x64
		{E39518FF-6475-4620-99E1-423AC7D76F73}.Debug|x64.Build.0 = Debug|x64
		{E39518FF-6475-4620-99E1-423AC7D76F73}.Debug|x86.ActiveCfg = Debug|Win32
		{E39518FF-6475-4620-99E1-423AC7D76F73}.Debug|x86.Build.0 = Debug|Win32
		{E39518FF-6475-4620-99E1-423AC7D76F73}.Release|x64.ActiveCfg = Release|x64
		{E39518FF-6475-4620-99E1-423AC7D76F73}.Release|x64.Build.0 = Release|x64
		{E39518FF-6475-4620-99E1-423AC7D76F73}.Release|x86.ActiveCfg = Release|Win32
		{E39518FF-6475-4620-99E1-423AC7D76F73}.Release|x86.Build.0 = Release|Win32
		{AD0402AE-ED25-4ADC-AF1E-DB2B4C788ECA}.Debug|x64.ActiveCfg = Debug|x64
		{AD0402AE-ED25-4ADC-AF1E-DB2B4C788ECA}.Debug|x64.Build.0 = Debug|x64
		{AD0402AE-ED25-4ADC-AF1E-DB2B4C788ECA}.Debug|x86.ActiveCfg = Debug|Win32
		{AD0402AE-ED25-4ADC-AF1E-DB2B4C788ECA}.Debug|x86.Build.0 = Debug|Win32
		{AD0402AE-ED25-4ADC-AF1E-DB2B4C788ECA}.Release|x64.ActiveCfg = Release|x64
		{AD0402AE-ED25-4ADC-AF1E-DB2B4C788ECA}.Release|x64.Build.0 = Release|x64
		{AD0402AE-ED25-4ADC-AF1E-DB2B4C788ECA}.Release|x86.ActiveCfg = Release|Win32
		{AD0402AE-ED25-4ADC-AF1E-DB2B4C788ECA}.Release|x86.Build.0 = Release|Win32
		{52FB7D97-EE20-4D4E-B179-2D8A3FD082A1}.Debug|x64.ActiveCfg = Debug|x64
		{52FB7D97-EE20-4D4E-B179-2D8A3FD082A1}.Debug|x64.Build.0 = Debug|x64
		{52FB7D97-EE20-4D4E-B179-2D8A3FD082A1}.Debug|x86.ActiveCfg = Debug|Win32
		{52FB7D97-EE20-4D4E-B179-2D8A3FD082A1}.Debug|x86.Build.0 = Debug|Win32
		{52FB7D97-EE20-4D4E-B179-2D8A3FD082A1}.Release|x64.ActiveCfg = Release|x64
		{52FB7D97-EE20-4D4E-B179-2D8A3FD082A1}.Release|x64.Build.0 = Release|x64
		{52FB7D97-EE20-4D4E-B179-2D8A3FD082A1}.Release|x86.ActiveCfg = Release|Win32
		{52FB7D97-EE20-4D4E-B179-2D8A3FD082A1}.Release|x86.Build.0 = Release|Win32
		{415B140C-879F-4288-89DB-E69588436A40}.Debug|x64.ActiveCfg = Debug|x64
		{415B140C-879F-4288-89DB-E69588436A40}.Debug|x64.Build.0 = Debug|x64
		{415B140C-879F-4288-89DB-E69588436A40}.Debug|x86.ActiveCfg = Debug|Win32
		{415B140C-879F-4288-89DB-E69588436A40}.Debug|x86.Build.0 = Debug|Win32
		{415B140C-879F-4288-89DB-E69588436A40}.Release|x64.ActiveCfg = Release|x64
		{415B140C-879F-4288-89DB-E69588436A40}.Release|x64.Build.0 = Release|x64
		{415B140C-879F-4288-89DB-E69588436A40}.Release|x86.ActiveCfg = Release|Win32
		{415B140C-879F-4288-89DB-E69588436A40}.Release|x86.Build.0 = Release|Win32
		{3F1180DA-CADE-4464-98FA-16D45061979D}.Debug|x64.ActiveCfg = Debug|x64
		{3F1180DA-CADE-4464-98FA-16D45061979D}.Debug|x64.Build.0 = Debug|x64
		{3F1180DA-CADE-4464-98FA-16D45061979D}.Debug|x86.ActiveCfg = Debug|Win32
		{3F1180DA-CADE-4464-98FA-16D45061979D}.Debug|x86.Build.0 = Debug|Win32
		{3F1180DA-CADE-4464-98FA-16D45061979D}.Release|x64.ActiveCfg = Release|x64
		{3F1180DA-CADE-4464-98FA-16D45061979D}.Release|x64.Build.0 = Release|x64
		{3F1180DA-CADE-4464-98FA-16D45061979D}.Release|x86.ActiveCfg = Release|Win32
		{3F1180DA-CADE-4464-98FA-16D45061979D}.Release|x86.Build.0 = Release|Win32
		{E30D8888-2B83-4509-9FD7-7BE58B048EF5}.Debug|x64.ActiveCfg = Debug|x64
		{E30D8888-2B83-4509-9FD7-7BE58B048EF5}.Debug|x64.Build.0 = Debug|x64
		{E30D8888-2B83-4509-9FD7-7BE58B048EF5}.Debug|x86.ActiveCfg = Debug|Win32
		{E30D8888-2B83-4509-9FD7-7BE58B048EF5}.Debug|x86.Build.0 = Debug|Win32
		{E30D8888-2B83-4509-9FD7-7BE58B048EF5}.Release|x64.ActiveCfg = Release|x64
		{E30D8888-2B83-4509-9FD7-7BE58B048EF5}.Release|x64.Build.0 = Release|x64
		{E30D8888-2B83-4509-9FD7-7BE58B048EF5}.Release|x86.ActiveCfg = Release|Win32
		{E30D8888-2B83-4509-9FD7-7BE58B048EF5}.Release|x86.Build.0 = Release|Win32
	EndGlobalSection
	GlobalSection(SolutionProperties) = preSolution
		HideSolutionNode = FALSE
	EndGlobalSection
	GlobalSection(NestedProjects) = preSolution
		{224E909C-9028-4FE6-B441-839FB9608CFD} = {B8EC5140-B2FA-41E5-9047-BE5A6F0F7BE5}
		{F932511B-4F9B-4A0E-A098-5CC918248203} = {574CDA66-8583-4656-89A4-879A258E7C26}
		{40932D81-761B-4CDE-BB61-9FFCACD7D43F} = {574CDA66-8583-4656-89A4-879A258E7C26}
		{66C663D6-45B6-42EA-931D-853BF0212529} = {574CDA66-8583-4656-89A4-879A258E7C26}
		{ED1CB28B-187A-48B7-9E10-B66E1D84ACC2} = {B9DC8596-D959-45E3-886B-6BA2F31AB911}
		{F759DBC4-B890-44E9-9981-1E5EF67C5CB3} = {B9DC8596-D959-45E3-886B-6BA2F31AB911}
		{E39518FF-6475-4620-99E1-423AC7D76F73} = {F759DBC4-B890-44E9-9981-1E5EF67C5CB3}
		{AD0402AE-ED25-4ADC-AF1E-DB2B4C788ECA} = {F759DBC4-B890-44E9-9981-1E5EF67C5CB3}
		{52FB7D97-EE20-4D4E-B179-2D8A3FD082A1} = {574CDA66-8583-4656-89A4-879A258E7C26}
		{415B140C-879F-4288-89DB-E69588436A40} = {72E36D73-F0FE-4151-B773-7E6F52A27930}
		{3F1180DA-CADE-4464-98FA-16D45061979D} = {72E36D73-F0FE-4151-B773-7E6F52A27930}
		{E30D8888-2B83-4509-9FD7-7BE58B048EF5} = {B9DC8596-D959-45E3-886B-6BA2F31AB911}
	EndGlobalSection
	GlobalSection(ExtensibilityGlobals) = postSolution
		SolutionGuid = {723B1B1A-FCFA-43D2-89E2-D4DBC40860AA}
	EndGlobalSection
EndGlobal
